
Microsoft Visual Studio Solution File, Format Version 12.00
# Visual Studio 15
VisualStudioVersion = 15.0.27428.2037
MinimumVisualStudioVersion = 10.0.40219.1
Project("{F184B08F-C81C-45F6-A57F-5ABD9991F28F}") = "DemoLibrary", "DemoLibrary\DemoLibrary.vbproj", "{80C896F6-0706-4249-A51A-BACCBFDF399D}"
EndProject
Project("{F184B08F-C81C-45F6-A57F-5ABD9991F28F}") = "ConsoleUI", "ConsoleUI\ConsoleUI.vbproj", "{A1B2653E-415D-4B9F-BBCD-C211868BB460}"
EndProject
Global
	GlobalSection(SolutionConfigurationPlatforms) = preSolution
		Debug|Any CPU = Debug|Any CPU
		Release|Any CPU = Release|Any CPU
	EndGlobalSection
	GlobalSection(ProjectConfigurationPlatforms) = postSolution
		{80C896F6-0706-4249-A51A-BACCBFDF399D}.Debug|Any CPU.ActiveCfg = Debug|Any CPU
		{80C896F6-0706-4249-A51A-BACCBFDF399D}.Debug|Any CPU.Build.0 = Debug|Any CPU
		{80C896F6-0706-4249-A51A-BACCBFDF399D}.Release|Any CPU.ActiveCfg = Release|Any CPU
		{80C896F6-0706-4249-A51A-BACCBFDF399D}.Release|Any CPU.Build.0 = Release|Any CPU
		{A1B2653E-415D-4B9F-BBCD-C211868BB460}.Debug|Any CPU.ActiveCfg = Debug|Any CPU
		{A1B2653E-415D-4B9F-BBCD-C211868BB460}.Debug|Any CPU.Build.0 = Debug|Any CPU
		{A1B2653E-415D-4B9F-BBCD-C211868BB460}.Release|Any CPU.ActiveCfg = Release|Any CPU
		{A1B2653E-415D-4B9F-BBCD-C211868BB460}.Release|Any CPU.Build.0 = Release|Any CPU
	EndGlobalSection
	GlobalSection(SolutionProperties) = preSolution
		HideSolutionNode = FALSE
	EndGlobalSection
	GlobalSection(ExtensibilityGlobals) = postSolution
		SolutionGuid = {69E4D471-610F-401B-AF2D-11727EC64C04}
	EndGlobalSection
EndGlobal
