
Microsoft Visual Studio Solution File, Format Version 12.00
# Visual Studio 15
VisualStudioVersion = 15.0.27428.2015
MinimumVisualStudioVersion = 10.0.40219.1
Project("{F184B08F-C81C-45F6-A57F-5ABD9991F28F}") = "ConsoleUI", "ConsoleUI\ConsoleUI.vbproj", "{7A71571E-CB01-4CDE-B889-2B1D21FD3ADD}"
EndProject
Global
	GlobalSection(SolutionConfigurationPlatforms) = preSolution
		Debug|Any CPU = Debug|Any CPU
		Release|Any CPU = Release|Any CPU
	EndGlobalSection
	GlobalSection(ProjectConfigurationPlatforms) = postSolution
		{7A71571E-CB01-4CDE-B889-2B1D21FD3ADD}.Debug|Any CPU.ActiveCfg = Debug|Any CPU
		{7A71571E-CB01-4CDE-B889-2B1D21FD3ADD}.Debug|Any CPU.Build.0 = Debug|Any CPU
		{7A71571E-CB01-4CDE-B889-2B1D21FD3ADD}.Release|Any CPU.ActiveCfg = Release|Any CPU
		{7A71571E-CB01-4CDE-B889-2B1D21FD3ADD}.Release|Any CPU.Build.0 = Release|Any CPU
	EndGlobalSection
	GlobalSection(SolutionProperties) = preSolution
		HideSolutionNode = FALSE
	EndGlobalSection
	GlobalSection(ExtensibilityGlobals) = postSolution
		SolutionGuid = {8FA209B5-0FDC-4699-9524-39D78CCAD920}
	EndGlobalSection
EndGlobal
